
Microsoft Visual Studio Solution File, Format Version 12.00
# Visual Studio Version 17
VisualStudioVersion = 17.0.31912.275
MinimumVisualStudioVersion = 10.0.40219.1
Project("{2150E333-8FDC-42A3-9474-1A3956D46DE8}") = "DataStructures", "DataStructures", "{FB5C552A-4393-4F21-9B7B-56309EF80B8D}"
EndProject
Project("{2150E333-8FDC-42A3-9474-1A3956D46DE8}") = "Algorithms", "Algorithms", "{9354D56E-A731-4CA0-9978-BE492A7E0BBD}"
EndProject
Project("{2150E333-8FDC-42A3-9474-1A3956D46DE8}") = "LinkedList", "LinkedList", "{68BB125D-8130-4EFE-89E7-C5C732BF6F90}"
EndProject
Project("{9A19103F-16F7-4668-BE54-9A1E7A4F7556}") = "LinkedList", "..\IPrep\Coding\Catagorized\DataStructures\.NET\LinkedList\LinkedList\LinkedList.csproj", "{48B0FE82-9736-4D65-95A4-EA76D0CBA357}"
EndProject
Global
	GlobalSection(SolutionConfigurationPlatforms) = preSolution
		Debug|Any CPU = Debug|Any CPU
		Release|Any CPU = Release|Any CPU
	EndGlobalSection
	GlobalSection(ProjectConfigurationPlatforms) = postSolution
		{48B0FE82-9736-4D65-95A4-EA76D0CBA357}.Debug|Any CPU.ActiveCfg = Debug|Any CPU
		{48B0FE82-9736-4D65-95A4-EA76D0CBA357}.Debug|Any CPU.Build.0 = Debug|Any CPU
		{48B0FE82-9736-4D65-95A4-EA76D0CBA357}.Release|Any CPU.ActiveCfg = Release|Any CPU
		{48B0FE82-9736-4D65-95A4-EA76D0CBA357}.Release|Any CPU.Build.0 = Release|Any CPU
	EndGlobalSection
	GlobalSection(SolutionProperties) = preSolution
		HideSolutionNode = FALSE
	EndGlobalSection
	GlobalSection(NestedProjects) = preSolution
		{68BB125D-8130-4EFE-89E7-C5C732BF6F90} = {FB5C552A-4393-4F21-9B7B-56309EF80B8D}
		{48B0FE82-9736-4D65-95A4-EA76D0CBA357} = {68BB125D-8130-4EFE-89E7-C5C732BF6F90}
	EndGlobalSection
	GlobalSection(ExtensibilityGlobals) = postSolution
		SolutionGuid = {708E13D5-A7A1-4F22-A7A8-EE46DD1990EF}
	EndGlobalSection
EndGlobal
